
Microsoft Visual Studio Solution File, Format Version 12.00
# Visual Studio Version 17
VisualStudioVersion = 17.8.34330.188
MinimumVisualStudioVersion = 10.0.40219.1
Project("{9A19103F-16F7-4668-BE54-9A1E7A4F7556}") = "StudentsPortalApp", "StudentsPortalApp\StudentsPortalApp.csproj", "{BE4E4539-4634-41CF-8FA8-56EB93B2CAEF}"
EndProject
Project("{FAE04EC0-301F-11D3-BF4B-00C04F79EFBC}") = "UnitTests", "UnitTests\UnitTests.csproj", "{C5ABCD01-4A46-4836-8DC7-DD1C1837987C}"
EndProject
Global
	GlobalSection(SolutionConfigurationPlatforms) = preSolution
		Debug|Any CPU = Debug|Any CPU
		Release|Any CPU = Release|Any CPU
	EndGlobalSection
	GlobalSection(ProjectConfigurationPlatforms) = postSolution
		{BE4E4539-4634-41CF-8FA8-56EB93B2CAEF}.Debug|Any CPU.ActiveCfg = Debug|Any CPU
		{BE4E4539-4634-41CF-8FA8-56EB93B2CAEF}.Debug|Any CPU.Build.0 = Debug|Any CPU
		{BE4E4539-4634-41CF-8FA8-56EB93B2CAEF}.Release|Any CPU.ActiveCfg = Release|Any CPU
		{BE4E4539-4634-41CF-8FA8-56EB93B2CAEF}.Release|Any CPU.Build.0 = Release|Any CPU
		{C5ABCD01-4A46-4836-8DC7-DD1C1837987C}.Debug|Any CPU.ActiveCfg = Debug|Any CPU
		{C5ABCD01-4A46-4836-8DC7-DD1C1837987C}.Debug|Any CPU.Build.0 = Debug|Any CPU
		{C5ABCD01-4A46-4836-8DC7-DD1C1837987C}.Release|Any CPU.ActiveCfg = Release|Any CPU
		{C5ABCD01-4A46-4836-8DC7-DD1C1837987C}.Release|Any CPU.Build.0 = Release|Any CPU
	EndGlobalSection
	GlobalSection(SolutionProperties) = preSolution
		HideSolutionNode = FALSE
	EndGlobalSection
	GlobalSection(ExtensibilityGlobals) = postSolution
		SolutionGuid = {002B058A-135D-44CA-AC49-78CDF108FA76}
	EndGlobalSection
EndGlobal
